
Microsoft Visual Studio Solution File, Format Version 12.00
# Visual Studio Version 17
VisualStudioVersion = 17.0.31903.59
MinimumVisualStudioVersion = 10.0.40219.1
Project("{2150E333-8FDC-42A3-9474-1A3956D46DE8}") = "src", "src", "{D7FE2636-9C88-4352-A20B-A3E453ED4B7B}"
EndProject
Project("{2150E333-8FDC-42A3-9474-1A3956D46DE8}") = "api", "api", "{B8E23601-389C-4123-A07C-260AFA25D2FB}"
EndProject
Project("{FAE04EC0-301F-11D3-BF4B-00C04F79EFBC}") = "MicroCommunication.Api", "src\api\MicroCommunication.Api\MicroCommunication.Api.csproj", "{DA4B2ACC-4BA2-42F7-A631-61551B927263}"
EndProject
Project("{FAE04EC0-301F-11D3-BF4B-00C04F79EFBC}") = "MicroCommunication.Api.Tests", "src\api\MicroCommunication.Api.Tests\MicroCommunication.Api.Tests.csproj", "{6DD3A4E7-FF6D-46EA-9379-E8B60800E229}"
EndProject
Project("{2150E333-8FDC-42A3-9474-1A3956D46DE8}") = "random", "random", "{341CF29A-2125-465F-A82C-E3B05EBB95D6}"
EndProject
Project("{FAE04EC0-301F-11D3-BF4B-00C04F79EFBC}") = "MicroCommunication.Random", "src\random\MicroCommunication.Random\MicroCommunication.Random.csproj", "{FAE04EC0-301F-11D3-BF4B-00C04F79EFBE}"
EndProject
Project("{FAE04EC0-301F-11D3-BF4B-00C04F79EFBC}") = "MicroCommunication.Random.Tests", "src\random\MicroCommunication.Random.Tests\MicroCommunication.Random.Tests.csproj", "{6DD3A4E7-FF6D-46EA-9379-E8B70800E221}"
EndProject
Global
	GlobalSection(SolutionConfigurationPlatforms) = preSolution
		Debug|Any CPU = Debug|Any CPU
		Release|Any CPU = Release|Any CPU
	EndGlobalSection
	GlobalSection(SolutionProperties) = preSolution
		HideSolutionNode = FALSE
	EndGlobalSection
	GlobalSection(ProjectConfigurationPlatforms) = postSolution
		{DA4B2ACC-4BA2-42F7-A631-61551B927263}.Debug|Any CPU.ActiveCfg = Debug|Any CPU
		{DA4B2ACC-4BA2-42F7-A631-61551B927263}.Debug|Any CPU.Build.0 = Debug|Any CPU
		{DA4B2ACC-4BA2-42F7-A631-61551B927263}.Release|Any CPU.ActiveCfg = Release|Any CPU
		{DA4B2ACC-4BA2-42F7-A631-61551B927263}.Release|Any CPU.Build.0 = Release|Any CPU
		{6DD3A4E7-FF6D-46EA-9379-E8B60800E229}.Debug|Any CPU.ActiveCfg = Debug|Any CPU
		{6DD3A4E7-FF6D-46EA-9379-E8B60800E229}.Debug|Any CPU.Build.0 = Debug|Any CPU
		{6DD3A4E7-FF6D-46EA-9379-E8B60800E229}.Release|Any CPU.ActiveCfg = Release|Any CPU
		{6DD3A4E7-FF6D-46EA-9379-E8B60800E229}.Release|Any CPU.Build.0 = Release|Any CPU
		{FAE04EC0-301F-11D3-BF4B-00C04F79EFBE}.Debug|Any CPU.ActiveCfg = Debug|Any CPU
		{FAE04EC0-301F-11D3-BF4B-00C04F79EFBE}.Debug|Any CPU.Build.0 = Debug|Any CPU
		{FAE04EC0-301F-11D3-BF4B-00C04F79EFBE}.Release|Any CPU.ActiveCfg = Release|Any CPU
		{FAE04EC0-301F-11D3-BF4B-00C04F79EFBE}.Release|Any CPU.Build.0 = Release|Any CPU
		{6DD3A4E7-FF6D-46EA-9379-E8B70800E221}.Debug|Any CPU.ActiveCfg = Debug|Any CPU
		{6DD3A4E7-FF6D-46EA-9379-E8B70800E221}.Debug|Any CPU.Build.0 = Debug|Any CPU
		{6DD3A4E7-FF6D-46EA-9379-E8B70800E221}.Release|Any CPU.ActiveCfg = Release|Any CPU
		{6DD3A4E7-FF6D-46EA-9379-E8B70800E221}.Release|Any CPU.Build.0 = Release|Any CPU
	EndGlobalSection
	GlobalSection(NestedProjects) = preSolution
		{B8E23601-389C-4123-A07C-260AFA25D2FB} = {D7FE2636-9C88-4352-A20B-A3E453ED4B7B}
		{DA4B2ACC-4BA2-42F7-A631-61551B927263} = {B8E23601-389C-4123-A07C-260AFA25D2FB}
		{6DD3A4E7-FF6D-46EA-9379-E8B60800E229} = {B8E23601-389C-4123-A07C-260AFA25D2FB}
		{341CF29A-2125-465F-A82C-E3B05EBB95D6} = {D7FE2636-9C88-4352-A20B-A3E453ED4B7B}
		{FAE04EC0-301F-11D3-BF4B-00C04F79EFBE} = {341CF29A-2125-465F-A82C-E3B05EBB95D6}
		{6DD3A4E7-FF6D-46EA-9379-E8B70800E221} = {341CF29A-2125-465F-A82C-E3B05EBB95D6}
	EndGlobalSection
EndGlobal
